
Microsoft Visual Studio Solution File, Format Version 12.00
# Visual Studio Version 16
VisualStudioVersion = 16.0.31727.386
MinimumVisualStudioVersion = 10.0.40219.1
Project("{FAE04EC0-301F-11D3-BF4B-00C04F79EFBC}") = "Gestion Biblio", "WindowsFormsApp2\Gestion Biblio.csproj", "{4D182B05-3364-4F57-BF4C-2A95A92FFC91}"
EndProject
Global
	GlobalSection(SolutionConfigurationPlatforms) = preSolution
		Debug|Any CPU = Debug|Any CPU
		Release|Any CPU = Release|Any CPU
	EndGlobalSection
	GlobalSection(ProjectConfigurationPlatforms) = postSolution
		{4D182B05-3364-4F57-BF4C-2A95A92FFC91}.Debug|Any CPU.ActiveCfg = Debug|Any CPU
		{4D182B05-3364-4F57-BF4C-2A95A92FFC91}.Debug|Any CPU.Build.0 = Debug|Any CPU
		{4D182B05-3364-4F57-BF4C-2A95A92FFC91}.Release|Any CPU.ActiveCfg = Release|Any CPU
		{4D182B05-3364-4F57-BF4C-2A95A92FFC91}.Release|Any CPU.Build.0 = Release|Any CPU
	EndGlobalSection
	GlobalSection(SolutionProperties) = preSolution
		HideSolutionNode = FALSE
	EndGlobalSection
	GlobalSection(ExtensibilityGlobals) = postSolution
		SolutionGuid = {32BB881D-3A52-4809-89FE-9807306F58CF}
	EndGlobalSection
EndGlobal
